
Microsoft Visual Studio Solution File, Format Version 12.00
# Visual Studio Version 16
VisualStudioVersion = 16.0.34407.143
MinimumVisualStudioVersion = 10.0.40219.1
Project("{FAE04EC0-301F-11D3-BF4B-00C04F79EFBC}") = "DemoWinform", "DemoWinform.csproj", "{03B71E86-7729-4DC1-96DD-F5DC47FF760D}"
EndProject
Global
	GlobalSection(SolutionConfigurationPlatforms) = preSolution
		Debug|Any CPU = Debug|Any CPU
		Release|Any CPU = Release|Any CPU
	EndGlobalSection
	GlobalSection(ProjectConfigurationPlatforms) = postSolution
		{03B71E86-7729-4DC1-96DD-F5DC47FF760D}.Debug|Any CPU.ActiveCfg = Debug|Any CPU
		{03B71E86-7729-4DC1-96DD-F5DC47FF760D}.Debug|Any CPU.Build.0 = Debug|Any CPU
		{03B71E86-7729-4DC1-96DD-F5DC47FF760D}.Release|Any CPU.ActiveCfg = Release|Any CPU
		{03B71E86-7729-4DC1-96DD-F5DC47FF760D}.Release|Any CPU.Build.0 = Release|Any CPU
	EndGlobalSection
	GlobalSection(SolutionProperties) = preSolution
		HideSolutionNode = FALSE
	EndGlobalSection
	GlobalSection(ExtensibilityGlobals) = postSolution
		SolutionGuid = {6E0379E1-EE61-4BC0-AD0A-FF4C9AF5335D}
	EndGlobalSection
EndGlobal
